
Microsoft Visual Studio Solution File, Format Version 12.00
# Visual Studio Version 17
VisualStudioVersion = 17.14.36603.0 d17.14
MinimumVisualStudioVersion = 10.0.40219.1
Project("{FAE04EC0-301F-11D3-BF4B-00C04F79EFBC}") = "Medlemskab-1stSemester", "Medlemskab-1stSemester\Medlemskab-1stSemester.csproj", "{0AF1E99F-A944-450B-B4C2-9090391E5E2B}"
EndProject
Global
	GlobalSection(SolutionConfigurationPlatforms) = preSolution
		Debug|Any CPU = Debug|Any CPU
		Release|Any CPU = Release|Any CPU
	EndGlobalSection
	GlobalSection(ProjectConfigurationPlatforms) = postSolution
		{0AF1E99F-A944-450B-B4C2-9090391E5E2B}.Debug|Any CPU.ActiveCfg = Debug|Any CPU
		{0AF1E99F-A944-450B-B4C2-9090391E5E2B}.Debug|Any CPU.Build.0 = Debug|Any CPU
		{0AF1E99F-A944-450B-B4C2-9090391E5E2B}.Release|Any CPU.ActiveCfg = Release|Any CPU
		{0AF1E99F-A944-450B-B4C2-9090391E5E2B}.Release|Any CPU.Build.0 = Release|Any CPU
	EndGlobalSection
	GlobalSection(SolutionProperties) = preSolution
		HideSolutionNode = FALSE
	EndGlobalSection
	GlobalSection(ExtensibilityGlobals) = postSolution
		SolutionGuid = {DE2E3E7B-490B-41B5-8B08-9AE31088D40E}
	EndGlobalSection
EndGlobal
